// !$*UTF8*$!
{
	archiveVersion = 1;
	classes = {
	};
	objectVersion = 53;
	objects = {

/* Begin PBXAggregateTarget section */
		0E0E34E90D0097020086C1E6 /* Package */ = {
			isa = PBXAggregateTarget;
			buildConfigurationList = 0E0E34EC0D0097200086C1E6 /* Build configuration list for PBXAggregateTarget "Package" */;
			buildPhases = (
				0E0E34E80D0097020086C1E6 /* ShellScript */,
			);
			dependencies = (
				0E0E34EE0D0097280086C1E6 /* PBXTargetDependency */,
			);
			name = Package;
			productName = Package;
		};
		26BACA63257CF90200486D28 /* Apply patches */ = {
			isa = PBXAggregateTarget;
			buildConfigurationList = 26BACA67257CF90200486D28 /* Build configuration list for PBXAggregateTarget "Apply patches" */;
			buildPhases = (
				26BACA66257CF90200486D28 /* ShellScript */,
			);
			dependencies = (
			);
			name = "Apply patches";
			productName = Package;
		};
/* End PBXAggregateTarget section */

/* Begin PBXBuildFile section */
		0ECBBA6C0CFCA37500416538 /* QLColorCode.qlgenerator in Copy to Library */ = {isa = PBXBuildFile; fileRef = 8D576316048677EA00EA77CD /* QLColorCode.qlgenerator */; };
		26BACA53257CF04E00486D28 /* plugins in Resources */ = {isa = PBXBuildFile; fileRef = 26BACA52257CF04A00486D28 /* plugins */; };
		26BACA54257CF04E00486D28 /* filetypes.conf in Resources */ = {isa = PBXBuildFile; fileRef = 26BACA51257CF01B00486D28 /* filetypes.conf */; };
		26BACA58257CF06200486D28 /* highlight in Resources */ = {isa = PBXBuildFile; fileRef = 26BACA57257CF06200486D28 /* highlight */; };
		26BACA5C257CF17400486D28 /* themes in Resources */ = {isa = PBXBuildFile; fileRef = 26BACA5B257CF17400486D28 /* themes */; };
		26BACA60257CF60700486D28 /* langDefs in Resources */ = {isa = PBXBuildFile; fileRef = 26BACA5F257CF60600486D28 /* langDefs */; };
		EA43671C15F6BF9C009DA6C0 /* colorize.sh in Resources */ = {isa = PBXBuildFile; fileRef = EA43671615F6BF9C009DA6C0 /* colorize.sh */; };
		EA43671D15F6BF9C009DA6C0 /* Common.h in Headers */ = {isa = PBXBuildFile; fileRef = EA43671715F6BF9C009DA6C0 /* Common.h */; };
		EA43671E15F6BF9C009DA6C0 /* Common.m in Sources */ = {isa = PBXBuildFile; fileRef = EA43671815F6BF9C009DA6C0 /* Common.m */; };
		EA43671F15F6BF9C009DA6C0 /* GeneratePreviewForURL.m in Sources */ = {isa = PBXBuildFile; fileRef = EA43671915F6BF9C009DA6C0 /* GeneratePreviewForURL.m */; };
		EA43672015F6BF9C009DA6C0 /* GenerateThumbnailForURL.m in Sources */ = {isa = PBXBuildFile; fileRef = EA43671A15F6BF9C009DA6C0 /* GenerateThumbnailForURL.m */; };
		EA43672115F6BF9C009DA6C0 /* main.c in Sources */ = {isa = PBXBuildFile; fileRef = EA43671B15F6BF9C009DA6C0 /* main.c */; };
		EA43673015F6C1B8009DA6C0 /* COPYING in Resources */ = {isa = PBXBuildFile; fileRef = EA43672C15F6C1B8009DA6C0 /* COPYING */; };
		EACE3C6A24E8D93800B58A51 /* CHANGELOG.md in Resources */ = {isa = PBXBuildFile; fileRef = EACE3C6924E8D93800B58A51 /* CHANGELOG.md */; };
		EAE9D2CC169E2B3500A67B2F /* README.md in Resources */ = {isa = PBXBuildFile; fileRef = EAE9D2CB169E2B3500A67B2F /* README.md */; };
/* End PBXBuildFile section */

/* Begin PBXContainerItemProxy section */
		0E0E34ED0D0097280086C1E6 /* PBXContainerItemProxy */ = {
			isa = PBXContainerItemProxy;
			containerPortal = 089C1669FE841209C02AAC07 /* Project object */;
			proxyType = 1;
			remoteGlobalIDString = 8D57630D048677EA00EA77CD;
			remoteInfo = QLColorCode;
		};
		26BAC9C4257CE96D00486D28 /* PBXContainerItemProxy */ = {
			isa = PBXContainerItemProxy;
			containerPortal = 089C1669FE841209C02AAC07 /* Project object */;
			proxyType = 1;
			remoteGlobalIDString = 26BAC9AB257CE89900486D28;
			remoteInfo = highlight;
		};
		26BAC9C6257CE97100486D28 /* PBXContainerItemProxy */ = {
			isa = PBXContainerItemProxy;
			containerPortal = 089C1669FE841209C02AAC07 /* Project object */;
			proxyType = 1;
			remoteGlobalIDString = 26BAC9BC257CE93200486D28;
			remoteInfo = lua;
		};
		26BACA6E257CF94500486D28 /* PBXContainerItemProxy */ = {
			isa = PBXContainerItemProxy;
			containerPortal = 089C1669FE841209C02AAC07 /* Project object */;
			proxyType = 1;
			remoteGlobalIDString = 26BACA63257CF90200486D28;
			remoteInfo = "Apply patches";
		};
/* End PBXContainerItemProxy section */

/* Begin PBXCopyFilesBuildPhase section */
		0ECBBA6F0CFCA39E00416538 /* Copy to Library */ = {
			isa = PBXCopyFilesBuildPhase;
			buildActionMask = 12;
			dstPath = "${HOME}/Library/QuickLook/";
			dstSubfolderSpec = 0;
			files = (
				0ECBBA6C0CFCA37500416538 /* QLColorCode.qlgenerator in Copy to Library */,
			);
			name = "Copy to Library";
			runOnlyForDeploymentPostprocessing = 0;
		};
/* End PBXCopyFilesBuildPhase section */

/* Begin PBXFileReference section */
		26BACA51257CF01B00486D28 /* filetypes.conf */ = {isa = PBXFileReference; lastKnownFileType = text; name = filetypes.conf; path = hl/highlight/filetypes.conf; sourceTree = "<group>"; };
		26BACA52257CF04A00486D28 /* plugins */ = {isa = PBXFileReference; lastKnownFileType = folder; name = plugins; path = hl/highlight/plugins; sourceTree = "<group>"; };
		26BACA57257CF06200486D28 /* highlight */ = {isa = PBXFileReference; lastKnownFileType = "compiled.mach-o.executable"; name = highlight; path = hl/highlight/src/highlight; sourceTree = "<group>"; };
		26BACA5B257CF17400486D28 /* themes */ = {isa = PBXFileReference; lastKnownFileType = folder; name = themes; path = hl/highlight/themes; sourceTree = "<group>"; };
		26BACA5F257CF60600486D28 /* langDefs */ = {isa = PBXFileReference; lastKnownFileType = folder; name = langDefs; path = hl/highlight/langDefs; sourceTree = "<group>"; };
		8D576316048677EA00EA77CD /* QLColorCode.qlgenerator */ = {isa = PBXFileReference; explicitFileType = wrapper.cfbundle; includeInIndex = 0; path = QLColorCode.qlgenerator; sourceTree = BUILT_PRODUCTS_DIR; };
		EA43671615F6BF9C009DA6C0 /* colorize.sh */ = {isa = PBXFileReference; fileEncoding = 4; lastKnownFileType = text.script.sh; name = colorize.sh; path = src/colorize.sh; sourceTree = "<group>"; };
		EA43671715F6BF9C009DA6C0 /* Common.h */ = {isa = PBXFileReference; fileEncoding = 4; lastKnownFileType = sourcecode.c.h; name = Common.h; path = src/Common.h; sourceTree = "<group>"; };
		EA43671815F6BF9C009DA6C0 /* Common.m */ = {isa = PBXFileReference; fileEncoding = 4; lastKnownFileType = sourcecode.c.objc; name = Common.m; path = src/Common.m; sourceTree = "<group>"; };
		EA43671915F6BF9C009DA6C0 /* GeneratePreviewForURL.m */ = {isa = PBXFileReference; fileEncoding = 4; lastKnownFileType = sourcecode.c.objc; name = GeneratePreviewForURL.m; path = src/GeneratePreviewForURL.m; sourceTree = "<group>"; };
		EA43671A15F6BF9C009DA6C0 /* GenerateThumbnailForURL.m */ = {isa = PBXFileReference; fileEncoding = 4; lastKnownFileType = sourcecode.c.objc; name = GenerateThumbnailForURL.m; path = src/GenerateThumbnailForURL.m; sourceTree = "<group>"; };
		EA43671B15F6BF9C009DA6C0 /* main.c */ = {isa = PBXFileReference; fileEncoding = 4; lastKnownFileType = sourcecode.c.c; name = main.c; path = src/main.c; sourceTree = "<group>"; };
		EA43672C15F6C1B8009DA6C0 /* COPYING */ = {isa = PBXFileReference; fileEncoding = 4; lastKnownFileType = text; path = COPYING; sourceTree = "<group>"; };
		EA43673315F6C23F009DA6C0 /* Info.plist */ = {isa = PBXFileReference; fileEncoding = 4; lastKnownFileType = text.plist.xml; path = Info.plist; sourceTree = "<group>"; };
		EACE3C6924E8D93800B58A51 /* CHANGELOG.md */ = {isa = PBXFileReference; fileEncoding = 4; lastKnownFileType = net.daringfireball.markdown; path = CHANGELOG.md; sourceTree = "<group>"; };
		EAE9D2CB169E2B3500A67B2F /* README.md */ = {isa = PBXFileReference; fileEncoding = 4; lastKnownFileType = text; path = README.md; sourceTree = "<group>"; };
/* End PBXFileReference section */

/* Begin PBXFrameworksBuildPhase section */
		8D576313048677EA00EA77CD /* Frameworks */ = {
			isa = PBXFrameworksBuildPhase;
			buildActionMask = 2147483647;
			files = (
			);
			runOnlyForDeploymentPostprocessing = 0;
		};
/* End PBXFrameworksBuildPhase section */

/* Begin PBXGroup section */
		089C166AFE841209C02AAC07 /* QLColorCode */ = {
			isa = PBXGroup;
			children = (
				26BACA5F257CF60600486D28 /* langDefs */,
				26BACA5B257CF17400486D28 /* themes */,
				26BACA57257CF06200486D28 /* highlight */,
				26BACA52257CF04A00486D28 /* plugins */,
				26BACA51257CF01B00486D28 /* filetypes.conf */,
				EACE3C6924E8D93800B58A51 /* CHANGELOG.md */,
				EA43672C15F6C1B8009DA6C0 /* COPYING */,
				EAE9D2CB169E2B3500A67B2F /* README.md */,
				08FB77AFFE84173DC02AAC07 /* Source */,
				089C167CFE841241C02AAC07 /* Resources */,
				19C28FB6FE9D52B211CA2CBB /* Products */,
			);
			name = QLColorCode;
			sourceTree = "<group>";
		};
		089C167CFE841241C02AAC07 /* Resources */ = {
			isa = PBXGroup;
			children = (
				EA43673315F6C23F009DA6C0 /* Info.plist */,
			);
			name = Resources;
			sourceTree = "<group>";
		};
		08FB77AFFE84173DC02AAC07 /* Source */ = {
			isa = PBXGroup;
			children = (
				EA43671615F6BF9C009DA6C0 /* colorize.sh */,
				EA43671715F6BF9C009DA6C0 /* Common.h */,
				EA43671815F6BF9C009DA6C0 /* Common.m */,
				EA43671915F6BF9C009DA6C0 /* GeneratePreviewForURL.m */,
				EA43671A15F6BF9C009DA6C0 /* GenerateThumbnailForURL.m */,
				EA43671B15F6BF9C009DA6C0 /* main.c */,
			);
			name = Source;
			sourceTree = "<group>";
		};
		19C28FB6FE9D52B211CA2CBB /* Products */ = {
			isa = PBXGroup;
			children = (
				8D576316048677EA00EA77CD /* QLColorCode.qlgenerator */,
			);
			name = Products;
			sourceTree = "<group>";
		};
/* End PBXGroup section */

/* Begin PBXHeadersBuildPhase section */
		8D57630E048677EA00EA77CD /* Headers */ = {
			isa = PBXHeadersBuildPhase;
			buildActionMask = 2147483647;
			files = (
				EA43671D15F6BF9C009DA6C0 /* Common.h in Headers */,
			);
			runOnlyForDeploymentPostprocessing = 0;
		};
/* End PBXHeadersBuildPhase section */

/* Begin PBXLegacyTarget section */
		26BAC9AB257CE89900486D28 /* highlight */ = {
			isa = PBXLegacyTarget;
			buildArgumentsString = "-j9 cli";
			buildConfigurationList = 26BAC9AC257CE89900486D28 /* Build configuration list for PBXLegacyTarget "highlight" */;
			buildPhases = (
			);
			buildToolPath = /usr/bin/make;
			buildWorkingDirectory = hl/highlight;
			dependencies = (
				26BAC9C7257CE97100486D28 /* PBXTargetDependency */,
			);
			name = highlight;
			passBuildSettingsInEnvironment = 1;
			productName = highlight;
		};
		26BAC9BC257CE93200486D28 /* lua */ = {
			isa = PBXLegacyTarget;
			buildArgumentsString = "-j9 $(ACTION)";
			buildConfigurationList = 26BAC9BD257CE93200486D28 /* Build configuration list for PBXLegacyTarget "lua" */;
			buildPhases = (
			);
			buildToolPath = /usr/bin/make;
			buildWorkingDirectory = hl/lua;
			dependencies = (
				26BACA6F257CF94500486D28 /* PBXTargetDependency */,
			);
			name = lua;
			passBuildSettingsInEnvironment = 1;
			productName = lua;
		};
/* End PBXLegacyTarget section */

/* Begin PBXNativeTarget section */
		8D57630D048677EA00EA77CD /* QLColorCode */ = {
			isa = PBXNativeTarget;
			buildConfigurationList = 2CA3261E0896AD4900168862 /* Build configuration list for PBXNativeTarget "QLColorCode" */;
			buildPhases = (
				8D57630E048677EA00EA77CD /* Headers */,
				8D57630F048677EA00EA77CD /* Resources */,
				8D576311048677EA00EA77CD /* Sources */,
				8D576313048677EA00EA77CD /* Frameworks */,
				0ECBBA6F0CFCA39E00416538 /* Copy to Library */,
				0E1280381061C3EA0078EC05 /* Reset quicklookd */,
			);
			buildRules = (
			);
			dependencies = (
				26BAC9C5257CE96D00486D28 /* PBXTargetDependency */,
			);
			name = QLColorCode;
			productInstallPath = /Library/QuickLook;
			productName = QLColorCode;
			productReference = 8D576316048677EA00EA77CD /* QLColorCode.qlgenerator */;
			productType = "com.apple.product-type.bundle";
		};
/* End PBXNativeTarget section */

/* Begin PBXProject section */
		089C1669FE841209C02AAC07 /* Project object */ = {
			isa = PBXProject;
			attributes = {
				BuildIndependentTargetsInParallel = YES;
				LastUpgradeCheck = 1200;
				TargetAttributes = {
					26BAC9AB257CE89900486D28 = {
						CreatedOnToolsVersion = 12.2;
					};
					26BAC9BC257CE93200486D28 = {
						CreatedOnToolsVersion = 12.2;
					};
				};
			};
			buildConfigurationList = 2CA326220896AD4900168862 /* Build configuration list for PBXProject "QLColorCode" */;
			compatibilityVersion = "Xcode 3.2";
			developmentRegion = en;
			hasScannedForEncodings = 1;
			knownRegions = (
				en,
				Base,
			);
			mainGroup = 089C166AFE841209C02AAC07 /* QLColorCode */;
			projectDirPath = "";
			projectRoot = "";
			targets = (
				8D57630D048677EA00EA77CD /* QLColorCode */,
				0E0E34E90D0097020086C1E6 /* Package */,
				26BAC9AB257CE89900486D28 /* highlight */,
				26BAC9BC257CE93200486D28 /* lua */,
				26BACA63257CF90200486D28 /* Apply patches */,
			);
		};
/* End PBXProject section */

/* Begin PBXResourcesBuildPhase section */
		8D57630F048677EA00EA77CD /* Resources */ = {
			isa = PBXResourcesBuildPhase;
			buildActionMask = 2147483647;
			files = (
				26BACA60257CF60700486D28 /* langDefs in Resources */,
				26BACA5C257CF17400486D28 /* themes in Resources */,
				26BACA58257CF06200486D28 /* highlight in Resources */,
				26BACA53257CF04E00486D28 /* plugins in Resources */,
				26BACA54257CF04E00486D28 /* filetypes.conf in Resources */,
				EA43671C15F6BF9C009DA6C0 /* colorize.sh in Resources */,
				EACE3C6A24E8D93800B58A51 /* CHANGELOG.md in Resources */,
				EA43673015F6C1B8009DA6C0 /* COPYING in Resources */,
				EAE9D2CC169E2B3500A67B2F /* README.md in Resources */,
			);
			runOnlyForDeploymentPostprocessing = 0;
		};
/* End PBXResourcesBuildPhase section */

/* Begin PBXShellScriptBuildPhase section */
		0E0E34E80D0097020086C1E6 /* ShellScript */ = {
			isa = PBXShellScriptBuildPhase;
			buildActionMask = 2147483647;
			files = (
			);
			inputPaths = (
			);
			outputPaths = (
			);
			runOnlyForDeploymentPostprocessing = 0;
			shellPath = "/bin/zsh -x";
			shellScript = "# shell script goes here\ncd $PROJECT_DIR\nmkdir -vp release\ncd release\npkgDir=QLColorCode-$CURRENT_PROJECT_VERSION\nrm -rf $pkgDir\nmkdir $pkgDir\ncp -rp $TARGET_BUILD_DIR/*.qlgenerator $pkgDir\ncp ../ReadMe.txt $pkgDir\ncp ../LICENSE.txt $pkgDir\ncp ../ChangeLog.txt $pkgDir\n# For some reason Xcode has been producing world-writable output on occasion\nchmod -R o-w $pkgDir\ntar cvzf $pkgDir.tgz $pkgDir\nopen $PROJECT_DIR/release\n";
		};
		0E1280381061C3EA0078EC05 /* Reset quicklookd */ = {
			isa = PBXShellScriptBuildPhase;
			buildActionMask = 2147483647;
			files = (
			);
			inputPaths = (
			);
			name = "Reset quicklookd";
			outputPaths = (
			);
			runOnlyForDeploymentPostprocessing = 0;
			shellPath = /bin/sh;
			shellScript = "qlmanage -r\n";
			showEnvVarsInLog = 0;
		};
		26BACA66257CF90200486D28 /* ShellScript */ = {
			isa = PBXShellScriptBuildPhase;
			buildActionMask = 2147483647;
			files = (
			);
			inputPaths = (
			);
			outputPaths = (
			);
			runOnlyForDeploymentPostprocessing = 0;
			shellPath = /bin/sh;
			shellScript = "cd hl\n./apply-patches.sh\n";
		};
/* End PBXShellScriptBuildPhase section */

/* Begin PBXSourcesBuildPhase section */
		8D576311048677EA00EA77CD /* Sources */ = {
			isa = PBXSourcesBuildPhase;
			buildActionMask = 2147483647;
			files = (
				EA43671E15F6BF9C009DA6C0 /* Common.m in Sources */,
				EA43671F15F6BF9C009DA6C0 /* GeneratePreviewForURL.m in Sources */,
				EA43672015F6BF9C009DA6C0 /* GenerateThumbnailForURL.m in Sources */,
				EA43672115F6BF9C009DA6C0 /* main.c in Sources */,
			);
			runOnlyForDeploymentPostprocessing = 0;
		};
/* End PBXSourcesBuildPhase section */

/* Begin PBXTargetDependency section */
		0E0E34EE0D0097280086C1E6 /* PBXTargetDependency */ = {
			isa = PBXTargetDependency;
			target = 8D57630D048677EA00EA77CD /* QLColorCode */;
			targetProxy = 0E0E34ED0D0097280086C1E6 /* PBXContainerItemProxy */;
		};
		26BAC9C5257CE96D00486D28 /* PBXTargetDependency */ = {
			isa = PBXTargetDependency;
			target = 26BAC9AB257CE89900486D28 /* highlight */;
			targetProxy = 26BAC9C4257CE96D00486D28 /* PBXContainerItemProxy */;
		};
		26BAC9C7257CE97100486D28 /* PBXTargetDependency */ = {
			isa = PBXTargetDependency;
			target = 26BAC9BC257CE93200486D28 /* lua */;
			targetProxy = 26BAC9C6257CE97100486D28 /* PBXContainerItemProxy */;
		};
		26BACA6F257CF94500486D28 /* PBXTargetDependency */ = {
			isa = PBXTargetDependency;
			target = 26BACA63257CF90200486D28 /* Apply patches */;
			targetProxy = 26BACA6E257CF94500486D28 /* PBXContainerItemProxy */;
		};
/* End PBXTargetDependency section */

/* Begin XCBuildConfiguration section */
		0E0E34EA0D0097020086C1E6 /* Debug */ = {
			isa = XCBuildConfiguration;
			buildSettings = {
				CLANG_ENABLE_OBJC_WEAK = YES;
				COMBINE_HIDPI_IMAGES = YES;
				COPY_PHASE_STRIP = NO;
				GCC_DYNAMIC_NO_PIC = NO;
				GCC_OPTIMIZATION_LEVEL = 0;
				GCC_VERSION = com.apple.compilers.llvm.clang.1_0;
				PRODUCT_NAME = Package;
				RUN_CLANG_STATIC_ANALYZER = YES;
			};
			name = Debug;
		};
		0E0E34EB0D0097020086C1E6 /* Release */ = {
			isa = XCBuildConfiguration;
			buildSettings = {
				CLANG_ENABLE_OBJC_WEAK = YES;
				COMBINE_HIDPI_IMAGES = YES;
				COPY_PHASE_STRIP = YES;
				DEBUG_INFORMATION_FORMAT = "dwarf-with-dsym";
				GCC_VERSION = com.apple.compilers.llvm.clang.1_0;
				PRODUCT_NAME = Package;
				RUN_CLANG_STATIC_ANALYZER = YES;
				ZERO_LINK = NO;
			};
			name = Release;
		};
		26BAC9AD257CE89900486D28 /* Debug */ = {
			isa = XCBuildConfiguration;
			buildSettings = {
				ALWAYS_SEARCH_USER_PATHS = NO;
				CLANG_ANALYZER_NONNULL = YES;
				CLANG_ANALYZER_NUMBER_OBJECT_CONVERSION = YES_AGGRESSIVE;
				CLANG_CXX_LANGUAGE_STANDARD = "gnu++14";
				CLANG_CXX_LIBRARY = "libc++";
				CLANG_ENABLE_OBJC_ARC = YES;
				CLANG_ENABLE_OBJC_WEAK = YES;
				CLANG_WARN_BOOL_CONVERSION = YES;
				CLANG_WARN_CONSTANT_CONVERSION = YES;
				CLANG_WARN_DIRECT_OBJC_ISA_USAGE = YES_ERROR;
				CLANG_WARN_DOCUMENTATION_COMMENTS = YES;
				CLANG_WARN_ENUM_CONVERSION = YES;
				CLANG_WARN_INT_CONVERSION = YES;
				CLANG_WARN_NON_LITERAL_NULL_CONVERSION = YES;
				CLANG_WARN_OBJC_LITERAL_CONVERSION = YES;
				CLANG_WARN_OBJC_ROOT_CLASS = YES_ERROR;
				CLANG_WARN_UNGUARDED_AVAILABILITY = YES_AGGRESSIVE;
				CLANG_WARN_UNREACHABLE_CODE = YES;
				CODE_SIGN_STYLE = Automatic;
				DEBUGGING_SYMBOLS = YES;
				DEBUG_INFORMATION_FORMAT = dwarf;
				DEVELOPMENT_TEAM = EU5R2QY9HJ;
				GCC_C_LANGUAGE_STANDARD = gnu11;
				GCC_DYNAMIC_NO_PIC = NO;
				GCC_GENERATE_DEBUGGING_SYMBOLS = YES;
				GCC_OPTIMIZATION_LEVEL = 0;
				GCC_PREPROCESSOR_DEFINITIONS = (
					"DEBUG=1",
					"$(inherited)",
				);
				GCC_WARN_ABOUT_RETURN_TYPE = YES_ERROR;
				MTL_ENABLE_DEBUG_INFO = INCLUDE_SOURCE;
				MTL_FAST_MATH = YES;
				OTHER_CFLAGS = "";
				OTHER_LDFLAGS = "";
				PRODUCT_NAME = "$(TARGET_NAME)";
			};
			name = Debug;
		};
		26BAC9AE257CE89900486D28 /* Release */ = {
			isa = XCBuildConfiguration;
			buildSettings = {
				ALWAYS_SEARCH_USER_PATHS = NO;
				CLANG_ANALYZER_NONNULL = YES;
				CLANG_ANALYZER_NUMBER_OBJECT_CONVERSION = YES_AGGRESSIVE;
				CLANG_CXX_LANGUAGE_STANDARD = "gnu++14";
				CLANG_CXX_LIBRARY = "libc++";
				CLANG_ENABLE_OBJC_ARC = YES;
				CLANG_ENABLE_OBJC_WEAK = YES;
				CLANG_WARN_BOOL_CONVERSION = YES;
				CLANG_WARN_CONSTANT_CONVERSION = YES;
				CLANG_WARN_DIRECT_OBJC_ISA_USAGE = YES_ERROR;
				CLANG_WARN_DOCUMENTATION_COMMENTS = YES;
				CLANG_WARN_ENUM_CONVERSION = YES;
				CLANG_WARN_INT_CONVERSION = YES;
				CLANG_WARN_NON_LITERAL_NULL_CONVERSION = YES;
				CLANG_WARN_OBJC_LITERAL_CONVERSION = YES;
				CLANG_WARN_OBJC_ROOT_CLASS = YES_ERROR;
				CLANG_WARN_UNGUARDED_AVAILABILITY = YES_AGGRESSIVE;
				CLANG_WARN_UNREACHABLE_CODE = YES;
				CODE_SIGN_STYLE = Automatic;
				COPY_PHASE_STRIP = NO;
				DEBUG_INFORMATION_FORMAT = "dwarf-with-dsym";
				DEVELOPMENT_TEAM = EU5R2QY9HJ;
				ENABLE_NS_ASSERTIONS = NO;
				GCC_C_LANGUAGE_STANDARD = gnu11;
				GCC_WARN_ABOUT_RETURN_TYPE = YES_ERROR;
				MTL_ENABLE_DEBUG_INFO = NO;
				MTL_FAST_MATH = YES;
				OTHER_CFLAGS = "";
				OTHER_LDFLAGS = "";
				PRODUCT_NAME = "$(TARGET_NAME)";
			};
			name = Release;
		};
		26BAC9BE257CE93200486D28 /* Debug */ = {
			isa = XCBuildConfiguration;
			buildSettings = {
				ALWAYS_SEARCH_USER_PATHS = NO;
				CLANG_ANALYZER_NONNULL = YES;
				CLANG_ANALYZER_NUMBER_OBJECT_CONVERSION = YES_AGGRESSIVE;
				CLANG_CXX_LANGUAGE_STANDARD = "gnu++14";
				CLANG_CXX_LIBRARY = "libc++";
				CLANG_ENABLE_OBJC_ARC = YES;
				CLANG_ENABLE_OBJC_WEAK = YES;
				CLANG_WARN_BOOL_CONVERSION = YES;
				CLANG_WARN_CONSTANT_CONVERSION = YES;
				CLANG_WARN_DIRECT_OBJC_ISA_USAGE = YES_ERROR;
				CLANG_WARN_DOCUMENTATION_COMMENTS = YES;
				CLANG_WARN_ENUM_CONVERSION = YES;
				CLANG_WARN_INT_CONVERSION = YES;
				CLANG_WARN_NON_LITERAL_NULL_CONVERSION = YES;
				CLANG_WARN_OBJC_LITERAL_CONVERSION = YES;
				CLANG_WARN_OBJC_ROOT_CLASS = YES_ERROR;
				CLANG_WARN_UNGUARDED_AVAILABILITY = YES_AGGRESSIVE;
				CLANG_WARN_UNREACHABLE_CODE = YES;
				CODE_SIGN_STYLE = Automatic;
				DEBUGGING_SYMBOLS = YES;
				DEBUG_INFORMATION_FORMAT = dwarf;
				DEVELOPMENT_TEAM = EU5R2QY9HJ;
				GCC_C_LANGUAGE_STANDARD = gnu11;
				GCC_DYNAMIC_NO_PIC = NO;
				GCC_GENERATE_DEBUGGING_SYMBOLS = YES;
				GCC_OPTIMIZATION_LEVEL = 0;
				GCC_PREPROCESSOR_DEFINITIONS = (
					"DEBUG=1",
					"$(inherited)",
				);
				GCC_WARN_ABOUT_RETURN_TYPE = YES_ERROR;
				MTL_ENABLE_DEBUG_INFO = INCLUDE_SOURCE;
				MTL_FAST_MATH = YES;
				OTHER_CFLAGS = "";
				OTHER_LDFLAGS = "";
				PRODUCT_NAME = "$(TARGET_NAME)";
			};
			name = Debug;
		};
		26BAC9BF257CE93200486D28 /* Release */ = {
			isa = XCBuildConfiguration;
			buildSettings = {
				ALWAYS_SEARCH_USER_PATHS = NO;
				CLANG_ANALYZER_NONNULL = YES;
				CLANG_ANALYZER_NUMBER_OBJECT_CONVERSION = YES_AGGRESSIVE;
				CLANG_CXX_LANGUAGE_STANDARD = "gnu++14";
				CLANG_CXX_LIBRARY = "libc++";
				CLANG_ENABLE_OBJC_ARC = YES;
				CLANG_ENABLE_OBJC_WEAK = YES;
				CLANG_WARN_BOOL_CONVERSION = YES;
				CLANG_WARN_CONSTANT_CONVERSION = YES;
				CLANG_WARN_DIRECT_OBJC_ISA_USAGE = YES_ERROR;
				CLANG_WARN_DOCUMENTATION_COMMENTS = YES;
				CLANG_WARN_ENUM_CONVERSION = YES;
				CLANG_WARN_INT_CONVERSION = YES;
				CLANG_WARN_NON_LITERAL_NULL_CONVERSION = YES;
				CLANG_WARN_OBJC_LITERAL_CONVERSION = YES;
				CLANG_WARN_OBJC_ROOT_CLASS = YES_ERROR;
				CLANG_WARN_UNGUARDED_AVAILABILITY = YES_AGGRESSIVE;
				CLANG_WARN_UNREACHABLE_CODE = YES;
				CODE_SIGN_STYLE = Automatic;
				COPY_PHASE_STRIP = NO;
				DEBUG_INFORMATION_FORMAT = "dwarf-with-dsym";
				DEVELOPMENT_TEAM = EU5R2QY9HJ;
				ENABLE_NS_ASSERTIONS = NO;
				GCC_C_LANGUAGE_STANDARD = gnu11;
				GCC_WARN_ABOUT_RETURN_TYPE = YES_ERROR;
				MTL_ENABLE_DEBUG_INFO = NO;
				MTL_FAST_MATH = YES;
				OTHER_CFLAGS = "";
				OTHER_LDFLAGS = "";
				PRODUCT_NAME = "$(TARGET_NAME)";
			};
			name = Release;
		};
		26BACA68257CF90200486D28 /* Debug */ = {
			isa = XCBuildConfiguration;
			buildSettings = {
				CLANG_ENABLE_OBJC_WEAK = YES;
				COMBINE_HIDPI_IMAGES = YES;
				COPY_PHASE_STRIP = NO;
				GCC_DYNAMIC_NO_PIC = NO;
				GCC_OPTIMIZATION_LEVEL = 0;
				GCC_VERSION = com.apple.compilers.llvm.clang.1_0;
				INFOPLIST_FILE = "Package copy-Info.plist";
				PRODUCT_NAME = "$(TARGET_NAME)";
				RUN_CLANG_STATIC_ANALYZER = YES;
			};
			name = Debug;
		};
		26BACA69257CF90200486D28 /* Release */ = {
			isa = XCBuildConfiguration;
			buildSettings = {
				CLANG_ENABLE_OBJC_WEAK = YES;
				COMBINE_HIDPI_IMAGES = YES;
				COPY_PHASE_STRIP = YES;
				DEBUG_INFORMATION_FORMAT = "dwarf-with-dsym";
				GCC_VERSION = com.apple.compilers.llvm.clang.1_0;
				INFOPLIST_FILE = "Package copy-Info.plist";
				PRODUCT_NAME = "$(TARGET_NAME)";
				RUN_CLANG_STATIC_ANALYZER = YES;
				ZERO_LINK = NO;
			};
			name = Release;
		};
		2CA3261F0896AD4900168862 /* Debug */ = {
			isa = XCBuildConfiguration;
			buildSettings = {
				CLANG_ENABLE_OBJC_WEAK = YES;
				COMBINE_HIDPI_IMAGES = YES;
				CURRENT_PROJECT_VERSION = 4.0.2;
				MACOSX_DEPLOYMENT_TARGET = 10.15;
				MARKETING_VERSION = 4.0.2;
				OTHER_CFLAGS = "-DDEBUG";
			};
			name = Debug;
		};
		2CA326200896AD4900168862 /* Release */ = {
			isa = XCBuildConfiguration;
			buildSettings = {
				CLANG_ENABLE_OBJC_WEAK = YES;
				COMBINE_HIDPI_IMAGES = YES;
				CURRENT_PROJECT_VERSION = 4.0.2;
				MACOSX_DEPLOYMENT_TARGET = 10.15;
				MARKETING_VERSION = 4.0.2;
			};
			name = Release;
		};
		2CA326230896AD4900168862 /* Debug */ = {
			isa = XCBuildConfiguration;
			buildSettings = {
				CLANG_ADDRESS_SANITIZER_CONTAINER_OVERFLOW = YES;
				CLANG_ANALYZER_LOCALIZABILITY_EMPTY_CONTEXT = YES;
				CLANG_ANALYZER_LOCALIZABILITY_NONLOCALIZED = YES;
				CLANG_ANALYZER_SECURITY_FLOATLOOPCOUNTER = YES;
				CLANG_ANALYZER_SECURITY_INSECUREAPI_RAND = YES;
				CLANG_ANALYZER_SECURITY_INSECUREAPI_STRCPY = YES;
				CLANG_ENABLE_MODULES = YES;
				CLANG_UNDEFINED_BEHAVIOR_SANITIZER_INTEGER = YES;
				CLANG_UNDEFINED_BEHAVIOR_SANITIZER_NULLABILITY = YES;
				CLANG_WARN_ASSIGN_ENUM = YES;
				CLANG_WARN_BLOCK_CAPTURE_AUTORELEASING = YES;
				CLANG_WARN_COMMA = YES;
				CLANG_WARN_CXX0X_EXTENSIONS = YES;
				CLANG_WARN_DEPRECATED_OBJC_IMPLEMENTATIONS = YES;
				CLANG_WARN_EMPTY_BODY = YES;
				CLANG_WARN_IMPLICIT_SIGN_CONVERSION = YES;
				CLANG_WARN_INFINITE_RECURSION = YES;
				CLANG_WARN_OBJC_EXPLICIT_OWNERSHIP_TYPE = YES;
				CLANG_WARN_OBJC_IMPLICIT_ATOMIC_PROPERTIES = YES;
				CLANG_WARN_OBJC_IMPLICIT_RETAIN_SELF = YES;
				CLANG_WARN_OBJC_MISSING_PROPERTY_SYNTHESIS = YES;
				CLANG_WARN_OBJC_REPEATED_USE_OF_WEAK = YES;
				CLANG_WARN_QUOTED_INCLUDE_IN_FRAMEWORK_HEADER = YES;
				CLANG_WARN_RANGE_LOOP_ANALYSIS = YES;
				CLANG_WARN_STRICT_PROTOTYPES = YES;
				CLANG_WARN_SUSPICIOUS_IMPLICIT_CONVERSION = YES;
				CLANG_WARN_SUSPICIOUS_MOVE = YES;
				CLANG_WARN_UNREACHABLE_CODE = YES_AGGRESSIVE;
				CLANG_WARN__DUPLICATE_METHOD_MATCH = YES;
				COPY_PHASE_STRIP = NO;
				CURRENT_PROJECT_VERSION = 4.0.2;
				DEAD_CODE_STRIPPING = YES;
				DSTROOT = "/export/tmp/$(PROJECT_NAME).dst";
				ENABLE_STRICT_OBJC_MSGSEND = YES;
				ENABLE_TESTABILITY = YES;
				GCC_NO_COMMON_BLOCKS = YES;
				GCC_OPTIMIZATION_LEVEL = 0;
				GCC_PREPROCESSOR_DEFINITIONS = DEBUG;
				GCC_WARN_64_TO_32_BIT_CONVERSION = YES;
				GCC_WARN_ABOUT_MISSING_FIELD_INITIALIZERS = YES;
				GCC_WARN_ABOUT_MISSING_NEWLINE = YES;
				GCC_WARN_ABOUT_RETURN_TYPE = YES;
				GCC_WARN_INITIALIZER_NOT_FULLY_BRACKETED = YES;
				GCC_WARN_PEDANTIC = YES;
				GCC_WARN_SHADOW = YES;
				GCC_WARN_SIGN_COMPARE = YES;
				GCC_WARN_STRICT_SELECTOR_MATCH = YES;
				GCC_WARN_UNDECLARED_SELECTOR = YES;
				GCC_WARN_UNINITIALIZED_AUTOS = YES_AGGRESSIVE;
				GCC_WARN_UNKNOWN_PRAGMAS = YES;
				GCC_WARN_UNUSED_FUNCTION = YES;
				GCC_WARN_UNUSED_LABEL = YES;
				GCC_WARN_UNUSED_PARAMETER = NO;
				GCC_WARN_UNUSED_VARIABLE = YES;
				INFOPLIST_FILE = Info.plist;
				MACOSX_DEPLOYMENT_TARGET = 10.15;
				ONLY_ACTIVE_ARCH = YES;
				PRODUCT_BUNDLE_IDENTIFIER = org.n8gray.qlcolorcode;
				PRODUCT_NAME = QLColorCode;
				RUN_CLANG_STATIC_ANALYZER = YES;
				SDKROOT = macosx;
				WRAPPER_EXTENSION = qlgenerator;
			};
			name = Debug;
		};
		2CA326240896AD4900168862 /* Release */ = {
			isa = XCBuildConfiguration;
			buildSettings = {
				CLANG_ADDRESS_SANITIZER_CONTAINER_OVERFLOW = YES;
				CLANG_ANALYZER_LOCALIZABILITY_EMPTY_CONTEXT = YES;
				CLANG_ANALYZER_LOCALIZABILITY_NONLOCALIZED = YES;
				CLANG_ANALYZER_SECURITY_FLOATLOOPCOUNTER = YES;
				CLANG_ANALYZER_SECURITY_INSECUREAPI_RAND = YES;
				CLANG_ANALYZER_SECURITY_INSECUREAPI_STRCPY = YES;
				CLANG_ENABLE_MODULES = YES;
				CLANG_UNDEFINED_BEHAVIOR_SANITIZER_INTEGER = YES;
				CLANG_UNDEFINED_BEHAVIOR_SANITIZER_NULLABILITY = YES;
				CLANG_WARN_ASSIGN_ENUM = YES;
				CLANG_WARN_BLOCK_CAPTURE_AUTORELEASING = YES;
				CLANG_WARN_COMMA = YES;
				CLANG_WARN_CXX0X_EXTENSIONS = YES;
				CLANG_WARN_DEPRECATED_OBJC_IMPLEMENTATIONS = YES;
				CLANG_WARN_EMPTY_BODY = YES;
				CLANG_WARN_IMPLICIT_SIGN_CONVERSION = YES;
				CLANG_WARN_INFINITE_RECURSION = YES;
				CLANG_WARN_OBJC_EXPLICIT_OWNERSHIP_TYPE = YES;
				CLANG_WARN_OBJC_IMPLICIT_ATOMIC_PROPERTIES = YES;
				CLANG_WARN_OBJC_IMPLICIT_RETAIN_SELF = YES;
				CLANG_WARN_OBJC_MISSING_PROPERTY_SYNTHESIS = YES;
				CLANG_WARN_OBJC_REPEATED_USE_OF_WEAK = YES;
				CLANG_WARN_QUOTED_INCLUDE_IN_FRAMEWORK_HEADER = YES;
				CLANG_WARN_RANGE_LOOP_ANALYSIS = YES;
				CLANG_WARN_STRICT_PROTOTYPES = YES;
				CLANG_WARN_SUSPICIOUS_IMPLICIT_CONVERSION = YES;
				CLANG_WARN_SUSPICIOUS_MOVE = YES;
				CLANG_WARN_UNREACHABLE_CODE = YES_AGGRESSIVE;
				CLANG_WARN__DUPLICATE_METHOD_MATCH = YES;
				CURRENT_PROJECT_VERSION = 4.0.2;
				DEAD_CODE_STRIPPING = YES;
				DSTROOT = "/export/tmp/$(PROJECT_NAME).dst";
				ENABLE_STRICT_OBJC_MSGSEND = YES;
				GCC_GENERATE_DEBUGGING_SYMBOLS = NO;
				GCC_NO_COMMON_BLOCKS = YES;
				GCC_WARN_64_TO_32_BIT_CONVERSION = YES;
				GCC_WARN_ABOUT_MISSING_FIELD_INITIALIZERS = YES;
				GCC_WARN_ABOUT_MISSING_NEWLINE = YES;
				GCC_WARN_ABOUT_RETURN_TYPE = YES;
				GCC_WARN_INITIALIZER_NOT_FULLY_BRACKETED = YES;
				GCC_WARN_PEDANTIC = YES;
				GCC_WARN_SHADOW = YES;
				GCC_WARN_SIGN_COMPARE = YES;
				GCC_WARN_STRICT_SELECTOR_MATCH = YES;
				GCC_WARN_UNDECLARED_SELECTOR = YES;
				GCC_WARN_UNINITIALIZED_AUTOS = YES_AGGRESSIVE;
				GCC_WARN_UNKNOWN_PRAGMAS = YES;
				GCC_WARN_UNUSED_FUNCTION = YES;
				GCC_WARN_UNUSED_LABEL = YES;
				GCC_WARN_UNUSED_PARAMETER = NO;
				GCC_WARN_UNUSED_VARIABLE = YES;
				INFOPLIST_FILE = Info.plist;
				MACOSX_DEPLOYMENT_TARGET = 10.15;
				ONLY_ACTIVE_ARCH = YES;
				PRODUCT_BUNDLE_IDENTIFIER = org.n8gray.qlcolorcode;
				PRODUCT_NAME = QLColorCode;
				RUN_CLANG_STATIC_ANALYZER = YES;
				SDKROOT = macosx;
				WRAPPER_EXTENSION = qlgenerator;
			};
			name = Release;
		};
/* End XCBuildConfiguration section */

/* Begin XCConfigurationList section */
		0E0E34EC0D0097200086C1E6 /* Build configuration list for PBXAggregateTarget "Package" */ = {
			isa = XCConfigurationList;
			buildConfigurations = (
				0E0E34EA0D0097020086C1E6 /* Debug */,
				0E0E34EB0D0097020086C1E6 /* Release */,
			);
			defaultConfigurationIsVisible = 0;
			defaultConfigurationName = Release;
		};
		26BAC9AC257CE89900486D28 /* Build configuration list for PBXLegacyTarget "highlight" */ = {
			isa = XCConfigurationList;
			buildConfigurations = (
				26BAC9AD257CE89900486D28 /* Debug */,
				26BAC9AE257CE89900486D28 /* Release */,
			);
			defaultConfigurationIsVisible = 0;
			defaultConfigurationName = Release;
		};
		26BAC9BD257CE93200486D28 /* Build configuration list for PBXLegacyTarget "lua" */ = {
			isa = XCConfigurationList;
			buildConfigurations = (
				26BAC9BE257CE93200486D28 /* Debug */,
				26BAC9BF257CE93200486D28 /* Release */,
			);
			defaultConfigurationIsVisible = 0;
			defaultConfigurationName = Release;
		};
		26BACA67257CF90200486D28 /* Build configuration list for PBXAggregateTarget "Apply patches" */ = {
			isa = XCConfigurationList;
			buildConfigurations = (
				26BACA68257CF90200486D28 /* Debug */,
				26BACA69257CF90200486D28 /* Release */,
			);
			defaultConfigurationIsVisible = 0;
			defaultConfigurationName = Release;
		};
		2CA3261E0896AD4900168862 /* Build configuration list for PBXNativeTarget "QLColorCode" */ = {
			isa = XCConfigurationList;
			buildConfigurations = (
				2CA3261F0896AD4900168862 /* Debug */,
				2CA326200896AD4900168862 /* Release */,
			);
			defaultConfigurationIsVisible = 0;
			defaultConfigurationName = Release;
		};
		2CA326220896AD4900168862 /* Build configuration list for PBXProject "QLColorCode" */ = {
			isa = XCConfigurationList;
			buildConfigurations = (
				2CA326230896AD4900168862 /* Debug */,
				2CA326240896AD4900168862 /* Release */,
			);
			defaultConfigurationIsVisible = 0;
			defaultConfigurationName = Release;
		};
/* End XCConfigurationList section */
	};
	rootObject = 089C1669FE841209C02AAC07 /* Project object */;
}
